<?xml version="1.0" encoding="utf-8"?>
<Project ToolsVersion="4.0" xmlns="http://schemas.microsoft.com/developer/msbuild/2003">
  <ItemGroup>
    <Filter Include="FluidSimTestbed">
      <UniqueIdentifier>{90787e20-f1b3-42f3-bd71-d29f45c92be9}</UniqueIdentifier>
    </Filter>
    <Filter Include="FluidSimTestbed\ApplicationCore">
      <UniqueIdentifier>{7cc98b37-06f5-4535-a9a3-4effad080bd9}</UniqueIdentifier>
    </Filter>
  </ItemGroup>
  <ItemGroup>
    <ClCompile Include="EntryPoint.cpp">
      <Filter>FluidSimTestbed</Filter>
    </ClCompile>
    <ClCompile Include="ApplicationManager.cpp">
      <Filter>FluidSimTestbed\ApplicationCore</Filter>
    </ClCompile>
    <ClCompile Include="WindowManager.cpp">
      <Filter>FluidSimTestbed\ApplicationCore</Filter>
    </ClCompile>
    <ClCompile Include="InputManager.cpp">
      <Filter>FluidSimTestbed\ApplicationCore</Filter>
    </ClCompile>
    <ClCompile Include="ShaderManager.cpp">
      <Filter>FluidSimTestbed\ApplicationCore</Filter>
    </ClCompile>
    <ClCompile Include="ShaderProgram.cpp">
      <Filter>FluidSimTestbed\ApplicationCore</Filter>
    </ClCompile>
    <ClCompile Include="Shader.cpp">
      <Filter>FluidSimTestbed\ApplicationCore</Filter>
    </ClCompile>
    <ClCompile Include="GlobalIOUtilities.cpp">
      <Filter>FluidSimTestbed\ApplicationCore</Filter>
    </ClCompile>
    <ClCompile Include="Camera.cpp">
      <Filter>FluidSimTestbed\ApplicationCore</Filter>
    </ClCompile>
    <ClCompile Include="PointBatch.cpp">
      <Filter>FluidSimTestbed\ApplicationCore</Filter>
    </ClCompile>
    <ClCompile Include="Vector3D.cpp">
      <Filter>FluidSimTestbed\ApplicationCore</Filter>
    </ClCompile>
    <ClCompile Include="Vector2D.cpp">
      <Filter>FluidSimTestbed\ApplicationCore</Filter>
    </ClCompile>
    <ClCompile Include="VertexManagement.cpp">
      <Filter>FluidSimTestbed\ApplicationCore</Filter>
    </ClCompile>
    <ClCompile Include="LineBatch.cpp">
      <Filter>FluidSimTestbed\ApplicationCore</Filter>
    </ClCompile>
    <ClCompile Include="TriangleBatch.cpp">
      <Filter>FluidSimTestbed\ApplicationCore</Filter>
    </ClCompile>
    <ClCompile Include="TextureManager.cpp">
      <Filter>FluidSimTestbed\ApplicationCore</Filter>
    </ClCompile>
    <ClCompile Include="Texture.cpp">
      <Filter>FluidSimTestbed\ApplicationCore</Filter>
    </ClCompile>
  </ItemGroup>
  <ItemGroup>
    <ClInclude Include="ApplicationManager.h">
      <Filter>FluidSimTestbed\ApplicationCore</Filter>
    </ClInclude>
    <ClInclude Include="WindowManager.h">
      <Filter>FluidSimTestbed\ApplicationCore</Filter>
    </ClInclude>
    <ClInclude Include="InputManager.h">
      <Filter>FluidSimTestbed\ApplicationCore</Filter>
    </ClInclude>
    <ClInclude Include="ShaderManager.h">
      <Filter>FluidSimTestbed\ApplicationCore</Filter>
    </ClInclude>
    <ClInclude Include="ShaderProgram.h">
      <Filter>FluidSimTestbed\ApplicationCore</Filter>
    </ClInclude>
    <ClInclude Include="Shader.h">
      <Filter>FluidSimTestbed\ApplicationCore</Filter>
    </ClInclude>
    <ClInclude Include="GlobalIOUtilities.h">
      <Filter>FluidSimTestbed\ApplicationCore</Filter>
    </ClInclude>
    <ClInclude Include="Camera.h">
      <Filter>FluidSimTestbed\ApplicationCore</Filter>
    </ClInclude>
    <ClInclude Include="PointBatch.h">
      <Filter>FluidSimTestbed\ApplicationCore</Filter>
    </ClInclude>
    <ClInclude Include="Vector3D.h">
      <Filter>FluidSimTestbed\ApplicationCore</Filter>
    </ClInclude>
    <ClInclude Include="Vector2D.h">
      <Filter>FluidSimTestbed\ApplicationCore</Filter>
    </ClInclude>
    <ClInclude Include="VertexManagement.h">
      <Filter>FluidSimTestbed\ApplicationCore</Filter>
    </ClInclude>
    <ClInclude Include="PositionBundle.h">
      <Filter>FluidSimTestbed\ApplicationCore</Filter>
    </ClInclude>
    <ClInclude Include="Vertices.h">
      <Filter>FluidSimTestbed\ApplicationCore</Filter>
    </ClInclude>
    <ClInclude Include="LineBatch.h">
      <Filter>FluidSimTestbed\ApplicationCore</Filter>
    </ClInclude>
    <ClInclude Include="TriangleBatch.h">
      <Filter>FluidSimTestbed\ApplicationCore</Filter>
    </ClInclude>
    <ClInclude Include="TextureManager.h">
      <Filter>FluidSimTestbed\ApplicationCore</Filter>
    </ClInclude>
    <ClInclude Include="Texture.h">
      <Filter>FluidSimTestbed\ApplicationCore</Filter>
    </ClInclude>
  </ItemGroup>
</Project>